
Microsoft Visual Studio Solution File, Format Version 12.00
# Visual Studio Version 17
VisualStudioVersion = 17.13.35931.197
MinimumVisualStudioVersion = 10.0.40219.1
Project("{FAE04EC0-301F-11D3-BF4B-00C04F79EFBC}") = "BaseProject", "BaseProject\BaseProject.csproj", "{BD5E0F7A-0855-4453-A5A6-4637F4278F7B}"
EndProject
Project("{FAE04EC0-301F-11D3-BF4B-00C04F79EFBC}") = "Basics", "Basics\Basics.csproj", "{6F0188AE-3216-4A16-941E-2A1D9949C59F}"
EndProject
Project("{2150E333-8FDC-42A3-9474-1A3956D46DE8}") = "petstore", "petstore", "{02EA681E-C7D8-13C7-8484-4AC65E1B71E8}"
EndProject
Project("{FAE04EC0-301F-11D3-BF4B-00C04F79EFBC}") = "PetStore", "PetStore\PetStore.csproj", "{1E55B499-7845-4AB6-B345-F8803C2D8B87}"
EndProject
Project("{FAE04EC0-301F-11D3-BF4B-00C04F79EFBC}") = "PetStoreTests", "PetStoreTests\PetStoreTests.csproj", "{C5A2470E-F347-4AD9-8C66-B103C38C0D6C}"
EndProject
Global
	GlobalSection(SolutionConfigurationPlatforms) = preSolution
		Debug|Any CPU = Debug|Any CPU
		Release|Any CPU = Release|Any CPU
	EndGlobalSection
	GlobalSection(ProjectConfigurationPlatforms) = postSolution
		{BD5E0F7A-0855-4453-A5A6-4637F4278F7B}.Debug|Any CPU.ActiveCfg = Debug|Any CPU
		{BD5E0F7A-0855-4453-A5A6-4637F4278F7B}.Debug|Any CPU.Build.0 = Debug|Any CPU
		{BD5E0F7A-0855-4453-A5A6-4637F4278F7B}.Release|Any CPU.ActiveCfg = Release|Any CPU
		{BD5E0F7A-0855-4453-A5A6-4637F4278F7B}.Release|Any CPU.Build.0 = Release|Any CPU
		{6F0188AE-3216-4A16-941E-2A1D9949C59F}.Debug|Any CPU.ActiveCfg = Debug|Any CPU
		{6F0188AE-3216-4A16-941E-2A1D9949C59F}.Debug|Any CPU.Build.0 = Debug|Any CPU
		{6F0188AE-3216-4A16-941E-2A1D9949C59F}.Release|Any CPU.ActiveCfg = Release|Any CPU
		{6F0188AE-3216-4A16-941E-2A1D9949C59F}.Release|Any CPU.Build.0 = Release|Any CPU
		{1E55B499-7845-4AB6-B345-F8803C2D8B87}.Debug|Any CPU.ActiveCfg = Debug|Any CPU
		{1E55B499-7845-4AB6-B345-F8803C2D8B87}.Debug|Any CPU.Build.0 = Debug|Any CPU
		{1E55B499-7845-4AB6-B345-F8803C2D8B87}.Release|Any CPU.ActiveCfg = Release|Any CPU
		{1E55B499-7845-4AB6-B345-F8803C2D8B87}.Release|Any CPU.Build.0 = Release|Any CPU
		{C5A2470E-F347-4AD9-8C66-B103C38C0D6C}.Debug|Any CPU.ActiveCfg = Debug|Any CPU
		{C5A2470E-F347-4AD9-8C66-B103C38C0D6C}.Debug|Any CPU.Build.0 = Debug|Any CPU
		{C5A2470E-F347-4AD9-8C66-B103C38C0D6C}.Release|Any CPU.ActiveCfg = Release|Any CPU
		{C5A2470E-F347-4AD9-8C66-B103C38C0D6C}.Release|Any CPU.Build.0 = Release|Any CPU
	EndGlobalSection
	GlobalSection(SolutionProperties) = preSolution
		HideSolutionNode = FALSE
	EndGlobalSection
	GlobalSection(NestedProjects) = preSolution
		{1E55B499-7845-4AB6-B345-F8803C2D8B87} = {02EA681E-C7D8-13C7-8484-4AC65E1B71E8}
		{C5A2470E-F347-4AD9-8C66-B103C38C0D6C} = {02EA681E-C7D8-13C7-8484-4AC65E1B71E8}
	EndGlobalSection
	GlobalSection(ExtensibilityGlobals) = postSolution
		SolutionGuid = {E61BF85E-DAC0-412E-8BFB-7F812F394D0D}
	EndGlobalSection
EndGlobal
